// !$*UTF8*$!
{
	archiveVersion = 1;
	classes = {
	};
	objectVersion = 77;
	objects = {

/* Begin PBXBuildFile section */
		2439870D481AFCED66A80EBD /* QuotaResponse.swift in Sources */ = {isa = PBXBuildFile; fileRef = B2E4F692ED24076DF5FB2F48 /* QuotaResponse.swift */; };
		26C15A12AA1EEC9911309FEE /* PopoverView.swift in Sources */ = {isa = PBXBuildFile; fileRef = DB12FCA2ED3EDC8C3F951198 /* PopoverView.swift */; };
		27D0B160E830F9E4A5CEB92D /* QuotaViewModel.swift in Sources */ = {isa = PBXBuildFile; fileRef = FDE907CABF8B4C7BDCB78236 /* QuotaViewModel.swift */; };
		38922E705008E03BACB5484D /* APIService.swift in Sources */ = {isa = PBXBuildFile; fileRef = E745709D5D88B55A2B2759E8 /* APIService.swift */; };
		82F15642D60582BB260A3135 /* KeychainService.swift in Sources */ = {isa = PBXBuildFile; fileRef = E06091C8030CA35E9A005A57 /* KeychainService.swift */; };
		A3D468E75D283F5D5511DD87 /* Assets.xcassets in Resources */ = {isa = PBXBuildFile; fileRef = 869AE2603C19475273BDE2D9 /* Assets.xcassets */; };
		B3143FCDAB866A4D1AEE7090 /* QuotaRowView.swift in Sources */ = {isa = PBXBuildFile; fileRef = D8A5EE2DC06195EB8521C733 /* QuotaRowView.swift */; };
		C6E69BB8178C293C23D551BB /* ZAILimitsMonitorApp.swift in Sources */ = {isa = PBXBuildFile; fileRef = 6577FDF756B5D5122138DFD1 /* ZAILimitsMonitorApp.swift */; };
		FA1459B7E2D1546E386A0D7C /* SettingsView.swift in Sources */ = {isa = PBXBuildFile; fileRef = 3EE51CAC7BBD20A4A4032D82 /* SettingsView.swift */; };
/* End PBXBuildFile section */

/* Begin PBXFileReference section */
		3EE51CAC7BBD20A4A4032D82 /* SettingsView.swift */ = {isa = PBXFileReference; lastKnownFileType = sourcecode.swift; path = SettingsView.swift; sourceTree = "<group>"; };
		6577FDF756B5D5122138DFD1 /* ZAILimitsMonitorApp.swift */ = {isa = PBXFileReference; lastKnownFileType = sourcecode.swift; path = ZAILimitsMonitorApp.swift; sourceTree = "<group>"; };
		7B0AA8B871B62B9796745E26 /* ZAILimitsMonitor.app */ = {isa = PBXFileReference; explicitFileType = wrapper.application; includeInIndex = 0; path = ZAILimitsMonitor.app; sourceTree = BUILT_PRODUCTS_DIR; };
		869AE2603C19475273BDE2D9 /* Assets.xcassets */ = {isa = PBXFileReference; lastKnownFileType = folder.assetcatalog; path = Assets.xcassets; sourceTree = "<group>"; };
		B2E4F692ED24076DF5FB2F48 /* QuotaResponse.swift */ = {isa = PBXFileReference; lastKnownFileType = sourcecode.swift; path = QuotaResponse.swift; sourceTree = "<group>"; };
		D8A5EE2DC06195EB8521C733 /* QuotaRowView.swift */ = {isa = PBXFileReference; lastKnownFileType = sourcecode.swift; path = QuotaRowView.swift; sourceTree = "<group>"; };
		DB12FCA2ED3EDC8C3F951198 /* PopoverView.swift */ = {isa = PBXFileReference; lastKnownFileType = sourcecode.swift; path = PopoverView.swift; sourceTree = "<group>"; };
		E06091C8030CA35E9A005A57 /* KeychainService.swift */ = {isa = PBXFileReference; lastKnownFileType = sourcecode.swift; path = KeychainService.swift; sourceTree = "<group>"; };
		E745709D5D88B55A2B2759E8 /* APIService.swift */ = {isa = PBXFileReference; lastKnownFileType = sourcecode.swift; path = APIService.swift; sourceTree = "<group>"; };
		F9BBD86642EEE06E1FE4FDCA /* Info.plist */ = {isa = PBXFileReference; lastKnownFileType = text.plist; path = Info.plist; sourceTree = "<group>"; };
		FC4FEE319253708A27BFAE53 /* ZAILimitsMonitor.entitlements */ = {isa = PBXFileReference; lastKnownFileType = text.plist.entitlements; path = ZAILimitsMonitor.entitlements; sourceTree = "<group>"; };
		FDE907CABF8B4C7BDCB78236 /* QuotaViewModel.swift */ = {isa = PBXFileReference; lastKnownFileType = sourcecode.swift; path = QuotaViewModel.swift; sourceTree = "<group>"; };
/* End PBXFileReference section */

/* Begin PBXGroup section */
		13032CEEF61E81D8D8FC6169 /* ViewModels */ = {
			isa = PBXGroup;
			children = (
				FDE907CABF8B4C7BDCB78236 /* QuotaViewModel.swift */,
			);
			path = ViewModels;
			sourceTree = "<group>";
		};
		1B78A177B2EADD7A679F3455 /* Services */ = {
			isa = PBXGroup;
			children = (
				E745709D5D88B55A2B2759E8 /* APIService.swift */,
				E06091C8030CA35E9A005A57 /* KeychainService.swift */,
			);
			path = Services;
			sourceTree = "<group>";
		};
		46D07C36C74EA711078AA28A = {
			isa = PBXGroup;
			children = (
				9819A3551A795FDD8E81C6DA /* ZAILimitsMonitor */,
				949AB0EFCBF360B1621B0569 /* Products */,
			);
			sourceTree = "<group>";
		};
		4F87916AA40ACE6DA088C1D3 /* Views */ = {
			isa = PBXGroup;
			children = (
				DB12FCA2ED3EDC8C3F951198 /* PopoverView.swift */,
				D8A5EE2DC06195EB8521C733 /* QuotaRowView.swift */,
				3EE51CAC7BBD20A4A4032D82 /* SettingsView.swift */,
			);
			path = Views;
			sourceTree = "<group>";
		};
		5AD44AE976DEE750CC4F0AC7 /* Models */ = {
			isa = PBXGroup;
			children = (
				B2E4F692ED24076DF5FB2F48 /* QuotaResponse.swift */,
			);
			path = Models;
			sourceTree = "<group>";
		};
		949AB0EFCBF360B1621B0569 /* Products */ = {
			isa = PBXGroup;
			children = (
				7B0AA8B871B62B9796745E26 /* ZAILimitsMonitor.app */,
			);
			name = Products;
			sourceTree = "<group>";
		};
		9819A3551A795FDD8E81C6DA /* ZAILimitsMonitor */ = {
			isa = PBXGroup;
			children = (
				869AE2603C19475273BDE2D9 /* Assets.xcassets */,
				F9BBD86642EEE06E1FE4FDCA /* Info.plist */,
				FC4FEE319253708A27BFAE53 /* ZAILimitsMonitor.entitlements */,
				6577FDF756B5D5122138DFD1 /* ZAILimitsMonitorApp.swift */,
				5AD44AE976DEE750CC4F0AC7 /* Models */,
				1B78A177B2EADD7A679F3455 /* Services */,
				13032CEEF61E81D8D8FC6169 /* ViewModels */,
				4F87916AA40ACE6DA088C1D3 /* Views */,
			);
			path = ZAILimitsMonitor;
			sourceTree = "<group>";
		};
/* End PBXGroup section */

/* Begin PBXNativeTarget section */
		00BDFDD8C89CF47B5B4B212D /* ZAILimitsMonitor */ = {
			isa = PBXNativeTarget;
			buildConfigurationList = FF974D77A437F41604232F18 /* Build configuration list for PBXNativeTarget "ZAILimitsMonitor" */;
			buildPhases = (
				1B92082DAFD891E232600592 /* Sources */,
				95593849C8467CFA35370513 /* Resources */,
			);
			buildRules = (
			);
			dependencies = (
			);
			name = ZAILimitsMonitor;
			packageProductDependencies = (
			);
			productName = ZAILimitsMonitor;
			productReference = 7B0AA8B871B62B9796745E26 /* ZAILimitsMonitor.app */;
			productType = "com.apple.product-type.application";
		};
/* End PBXNativeTarget section */

/* Begin PBXProject section */
		A9DB9D0F11D47A402DE1EF50 /* Project object */ = {
			isa = PBXProject;
			attributes = {
				BuildIndependentTargetsInParallel = YES;
				LastUpgradeCheck = 1600;
				TargetAttributes = {
					00BDFDD8C89CF47B5B4B212D = {
						ProvisioningStyle = Manual;
					};
				};
			};
			buildConfigurationList = 8142D5F25B42E7F09AC7218D /* Build configuration list for PBXProject "ZAILimitsMonitor" */;
			developmentRegion = en;
			hasScannedForEncodings = 0;
			knownRegions = (
				Base,
				en,
			);
			mainGroup = 46D07C36C74EA711078AA28A;
			minimizedProjectReferenceProxies = 1;
			preferredProjectObjectVersion = 77;
			productRefGroup = 949AB0EFCBF360B1621B0569 /* Products */;
			projectDirPath = "";
			projectRoot = "";
			targets = (
				00BDFDD8C89CF47B5B4B212D /* ZAILimitsMonitor */,
			);
		};
/* End PBXProject section */

/* Begin PBXResourcesBuildPhase section */
		95593849C8467CFA35370513 /* Resources */ = {
			isa = PBXResourcesBuildPhase;
			buildActionMask = 2147483647;
			files = (
				A3D468E75D283F5D5511DD87 /* Assets.xcassets in Resources */,
			);
			runOnlyForDeploymentPostprocessing = 0;
		};
/* End PBXResourcesBuildPhase section */

/* Begin PBXSourcesBuildPhase section */
		1B92082DAFD891E232600592 /* Sources */ = {
			isa = PBXSourcesBuildPhase;
			buildActionMask = 2147483647;
			files = (
				38922E705008E03BACB5484D /* APIService.swift in Sources */,
				82F15642D60582BB260A3135 /* KeychainService.swift in Sources */,
				26C15A12AA1EEC9911309FEE /* PopoverView.swift in Sources */,
				2439870D481AFCED66A80EBD /* QuotaResponse.swift in Sources */,
				B3143FCDAB866A4D1AEE7090 /* QuotaRowView.swift in Sources */,
				27D0B160E830F9E4A5CEB92D /* QuotaViewModel.swift in Sources */,
				FA1459B7E2D1546E386A0D7C /* SettingsView.swift in Sources */,
				C6E69BB8178C293C23D551BB /* ZAILimitsMonitorApp.swift in Sources */,
			);
			runOnlyForDeploymentPostprocessing = 0;
		};
/* End PBXSourcesBuildPhase section */

/* Begin XCBuildConfiguration section */
		162BA70A0D13E6972E1D1E30 /* Debug */ = {
			isa = XCBuildConfiguration;
			buildSettings = {
				ASSETCATALOG_COMPILER_APPICON_NAME = AppIcon;
				CODE_SIGN_IDENTITY = "-";
				CODE_SIGN_STYLE = Manual;
				COMBINE_HIDPI_IMAGES = YES;
				DEBUG_INFORMATION_FORMAT = dwarf;
				ENABLE_PREVIEWS = YES;
				GENERATE_INFOPLIST_FILE = NO;
				INFOPLIST_FILE = ZAILimitsMonitor/Info.plist;
				LD_RUNPATH_SEARCH_PATHS = (
					"$(inherited)",
					"@executable_path/../Frameworks",
				);
				PRODUCT_BUNDLE_IDENTIFIER = com.zailimits.app;
				SDKROOT = macosx;
				SWIFT_EMIT_LOC_STRINGS = YES;
				SWIFT_STRICT_CONCURRENCY = minimal;
			};
			name = Debug;
		};
		9F52B716DC8E3DE3421A2677 /* Release */ = {
			isa = XCBuildConfiguration;
			buildSettings = {
				ALWAYS_SEARCH_USER_PATHS = NO;
				CLANG_ANALYZER_NONNULL = YES;
				CLANG_ANALYZER_NUMBER_OBJECT_CONVERSION = YES_AGGRESSIVE;
				CLANG_CXX_LANGUAGE_STANDARD = "gnu++14";
				CLANG_CXX_LIBRARY = "libc++";
				CLANG_ENABLE_MODULES = YES;
				CLANG_ENABLE_OBJC_ARC = YES;
				CLANG_ENABLE_OBJC_WEAK = YES;
				CLANG_WARN_BLOCK_CAPTURE_AUTORELEASING = YES;
				CLANG_WARN_BOOL_CONVERSION = YES;
				CLANG_WARN_COMMA = YES;
				CLANG_WARN_CONSTANT_CONVERSION = YES;
				CLANG_WARN_DEPRECATED_OBJC_IMPLEMENTATIONS = YES;
				CLANG_WARN_DIRECT_OBJC_ISA_USAGE = YES_ERROR;
				CLANG_WARN_DOCUMENTATION_COMMENTS = YES;
				CLANG_WARN_EMPTY_BODY = YES;
				CLANG_WARN_ENUM_CONVERSION = YES;
				CLANG_WARN_INFINITE_RECURSION = YES;
				CLANG_WARN_INT_CONVERSION = YES;
				CLANG_WARN_NON_LITERAL_NULL_CONVERSION = YES;
				CLANG_WARN_OBJC_IMPLICIT_RETAIN_SELF = YES;
				CLANG_WARN_OBJC_LITERAL_CONVERSION = YES;
				CLANG_WARN_OBJC_ROOT_CLASS = YES_ERROR;
				CLANG_WARN_QUOTED_INCLUDE_IN_FRAMEWORK_HEADER = YES;
				CLANG_WARN_RANGE_LOOP_ANALYSIS = YES;
				CLANG_WARN_STRICT_PROTOTYPES = YES;
				CLANG_WARN_SUSPICIOUS_MOVE = YES;
				CLANG_WARN_UNGUARDED_AVAILABILITY = YES_AGGRESSIVE;
				CLANG_WARN_UNREACHABLE_CODE = YES;
				CLANG_WARN__DUPLICATE_METHOD_MATCH = YES;
				COPY_PHASE_STRIP = NO;
				DEBUG_INFORMATION_FORMAT = "dwarf-with-dsym";
				ENABLE_NS_ASSERTIONS = NO;
				ENABLE_STRICT_OBJC_MSGSEND = YES;
				GCC_C_LANGUAGE_STANDARD = gnu11;
				GCC_NO_COMMON_BLOCKS = YES;
				GCC_WARN_64_TO_32_BIT_CONVERSION = YES;
				GCC_WARN_ABOUT_RETURN_TYPE = YES_ERROR;
				GCC_WARN_UNDECLARED_SELECTOR = YES;
				GCC_WARN_UNINITIALIZED_AUTOS = YES_AGGRESSIVE;
				GCC_WARN_UNUSED_FUNCTION = YES;
				GCC_WARN_UNUSED_VARIABLE = YES;
				MACOSX_DEPLOYMENT_TARGET = 14.0;
				MTL_ENABLE_DEBUG_INFO = NO;
				MTL_FAST_MATH = YES;
				PRODUCT_NAME = "$(TARGET_NAME)";
				SDKROOT = macosx;
				SWIFT_COMPILATION_MODE = wholemodule;
				SWIFT_OPTIMIZATION_LEVEL = "-O";
				SWIFT_VERSION = 6.0;
			};
			name = Release;
		};
		A0643626BD641523771D1789 /* Debug */ = {
			isa = XCBuildConfiguration;
			buildSettings = {
				ALWAYS_SEARCH_USER_PATHS = NO;
				CLANG_ANALYZER_NONNULL = YES;
				CLANG_ANALYZER_NUMBER_OBJECT_CONVERSION = YES_AGGRESSIVE;
				CLANG_CXX_LANGUAGE_STANDARD = "gnu++14";
				CLANG_CXX_LIBRARY = "libc++";
				CLANG_ENABLE_MODULES = YES;
				CLANG_ENABLE_OBJC_ARC = YES;
				CLANG_ENABLE_OBJC_WEAK = YES;
				CLANG_WARN_BLOCK_CAPTURE_AUTORELEASING = YES;
				CLANG_WARN_BOOL_CONVERSION = YES;
				CLANG_WARN_COMMA = YES;
				CLANG_WARN_CONSTANT_CONVERSION = YES;
				CLANG_WARN_DEPRECATED_OBJC_IMPLEMENTATIONS = YES;
				CLANG_WARN_DIRECT_OBJC_ISA_USAGE = YES_ERROR;
				CLANG_WARN_DOCUMENTATION_COMMENTS = YES;
				CLANG_WARN_EMPTY_BODY = YES;
				CLANG_WARN_ENUM_CONVERSION = YES;
				CLANG_WARN_INFINITE_RECURSION = YES;
				CLANG_WARN_INT_CONVERSION = YES;
				CLANG_WARN_NON_LITERAL_NULL_CONVERSION = YES;
				CLANG_WARN_OBJC_IMPLICIT_RETAIN_SELF = YES;
				CLANG_WARN_OBJC_LITERAL_CONVERSION = YES;
				CLANG_WARN_OBJC_ROOT_CLASS = YES_ERROR;
				CLANG_WARN_QUOTED_INCLUDE_IN_FRAMEWORK_HEADER = YES;
				CLANG_WARN_RANGE_LOOP_ANALYSIS = YES;
				CLANG_WARN_STRICT_PROTOTYPES = YES;
				CLANG_WARN_SUSPICIOUS_MOVE = YES;
				CLANG_WARN_UNGUARDED_AVAILABILITY = YES_AGGRESSIVE;
				CLANG_WARN_UNREACHABLE_CODE = YES;
				CLANG_WARN__DUPLICATE_METHOD_MATCH = YES;
				COPY_PHASE_STRIP = NO;
				DEBUG_INFORMATION_FORMAT = dwarf;
				ENABLE_STRICT_OBJC_MSGSEND = YES;
				ENABLE_TESTABILITY = YES;
				GCC_C_LANGUAGE_STANDARD = gnu11;
				GCC_DYNAMIC_NO_PIC = NO;
				GCC_NO_COMMON_BLOCKS = YES;
				GCC_OPTIMIZATION_LEVEL = 0;
				GCC_PREPROCESSOR_DEFINITIONS = (
					"$(inherited)",
					"DEBUG=1",
				);
				GCC_WARN_64_TO_32_BIT_CONVERSION = YES;
				GCC_WARN_ABOUT_RETURN_TYPE = YES_ERROR;
				GCC_WARN_UNDECLARED_SELECTOR = YES;
				GCC_WARN_UNINITIALIZED_AUTOS = YES_AGGRESSIVE;
				GCC_WARN_UNUSED_FUNCTION = YES;
				GCC_WARN_UNUSED_VARIABLE = YES;
				MACOSX_DEPLOYMENT_TARGET = 14.0;
				MTL_ENABLE_DEBUG_INFO = INCLUDE_SOURCE;
				MTL_FAST_MATH = YES;
				ONLY_ACTIVE_ARCH = YES;
				PRODUCT_NAME = "$(TARGET_NAME)";
				SDKROOT = macosx;
				SWIFT_ACTIVE_COMPILATION_CONDITIONS = DEBUG;
				SWIFT_OPTIMIZATION_LEVEL = "-Onone";
				SWIFT_VERSION = 6.0;
			};
			name = Debug;
		};
		B293FFC37B2C610D4ECDBDC9 /* Release */ = {
			isa = XCBuildConfiguration;
			buildSettings = {
				ASSETCATALOG_COMPILER_APPICON_NAME = AppIcon;
				CODE_SIGN_IDENTITY = "-";
				CODE_SIGN_STYLE = Manual;
				COMBINE_HIDPI_IMAGES = YES;
				DEBUG_INFORMATION_FORMAT = "dwarf-with-dsym";
				ENABLE_PREVIEWS = YES;
				GENERATE_INFOPLIST_FILE = NO;
				INFOPLIST_FILE = ZAILimitsMonitor/Info.plist;
				LD_RUNPATH_SEARCH_PATHS = (
					"$(inherited)",
					"@executable_path/../Frameworks",
				);
				PRODUCT_BUNDLE_IDENTIFIER = com.zailimits.app;
				SDKROOT = macosx;
				SWIFT_EMIT_LOC_STRINGS = YES;
				SWIFT_STRICT_CONCURRENCY = minimal;
			};
			name = Release;
		};
/* End XCBuildConfiguration section */

/* Begin XCConfigurationList section */
		8142D5F25B42E7F09AC7218D /* Build configuration list for PBXProject "ZAILimitsMonitor" */ = {
			isa = XCConfigurationList;
			buildConfigurations = (
				A0643626BD641523771D1789 /* Debug */,
				9F52B716DC8E3DE3421A2677 /* Release */,
			);
			defaultConfigurationIsVisible = 0;
			defaultConfigurationName = Debug;
		};
		FF974D77A437F41604232F18 /* Build configuration list for PBXNativeTarget "ZAILimitsMonitor" */ = {
			isa = XCConfigurationList;
			buildConfigurations = (
				162BA70A0D13E6972E1D1E30 /* Debug */,
				B293FFC37B2C610D4ECDBDC9 /* Release */,
			);
			defaultConfigurationIsVisible = 0;
			defaultConfigurationName = Debug;
		};
/* End XCConfigurationList section */
	};
	rootObject = A9DB9D0F11D47A402DE1EF50 /* Project object */;
}
